
Microsoft Visual Studio Solution File, Format Version 12.00
# Visual Studio 2013
VisualStudioVersion = 12.0.31101.0
MinimumVisualStudioVersion = 10.0.40219.1
Project("{FAE04EC0-301F-11D3-BF4B-00C04F79EFBC}") = "Abstract Factory", "153301013\Abstract Factory.csproj", "{818A9792-46D6-4F6A-8D80-B9C0F35BAC8A}"
EndProject
Project("{FAE04EC0-301F-11D3-BF4B-00C04F79EFBC}") = "Builder", "Builder\Builder.csproj", "{D588F761-ED75-4702-9973-14A965123E1B}"
EndProject
Global
	GlobalSection(SolutionConfigurationPlatforms) = preSolution
		Debug|Any CPU = Debug|Any CPU
		Release|Any CPU = Release|Any CPU
	EndGlobalSection
	GlobalSection(ProjectConfigurationPlatforms) = postSolution
		{818A9792-46D6-4F6A-8D80-B9C0F35BAC8A}.Debug|Any CPU.ActiveCfg = Debug|Any CPU
		{818A9792-46D6-4F6A-8D80-B9C0F35BAC8A}.Debug|Any CPU.Build.0 = Debug|Any CPU
		{818A9792-46D6-4F6A-8D80-B9C0F35BAC8A}.Release|Any CPU.ActiveCfg = Release|Any CPU
		{818A9792-46D6-4F6A-8D80-B9C0F35BAC8A}.Release|Any CPU.Build.0 = Release|Any CPU
		{D588F761-ED75-4702-9973-14A965123E1B}.Debug|Any CPU.ActiveCfg = Debug|Any CPU
		{D588F761-ED75-4702-9973-14A965123E1B}.Debug|Any CPU.Build.0 = Debug|Any CPU
		{D588F761-ED75-4702-9973-14A965123E1B}.Release|Any CPU.ActiveCfg = Release|Any CPU
		{D588F761-ED75-4702-9973-14A965123E1B}.Release|Any CPU.Build.0 = Release|Any CPU
	EndGlobalSection
	GlobalSection(SolutionProperties) = preSolution
		HideSolutionNode = FALSE
	EndGlobalSection
EndGlobal
